// !$*UTF8*$!
{
	archiveVersion = 1;
	classes = {
	};
	objectVersion = 77;
	objects = {

/* Begin PBXBuildFile section */
		B6F14E842CC69091002DCBFB /* FirebaseCrashlytics in Frameworks */ = {isa = PBXBuildFile; productRef = B6F14E832CC69091002DCBFB /* FirebaseCrashlytics */; };
		B6F14E862CC69091002DCBFB /* FirebaseMessaging in Frameworks */ = {isa = PBXBuildFile; productRef = B6F14E852CC69091002DCBFB /* FirebaseMessaging */; };
		B6F14E882CC6920F002DCBFB /* FirebaseAnalytics in Frameworks */ = {isa = PBXBuildFile; productRef = B6F14E872CC6920F002DCBFB /* FirebaseAnalytics */; };
		B6F14E8A2CC6920F002DCBFB /* FirebaseAnalyticsSwift in Frameworks */ = {isa = PBXBuildFile; productRef = B6F14E892CC6920F002DCBFB /* FirebaseAnalyticsSwift */; };
/* End PBXBuildFile section */

/* Begin PBXContainerItemProxy section */
		B6F14E642CC68E3B002DCBFB /* PBXContainerItemProxy */ = {
			isa = PBXContainerItemProxy;
			containerPortal = B6F14E4B2CC68E3A002DCBFB /* Project object */;
			proxyType = 1;
			remoteGlobalIDString = B6F14E522CC68E3A002DCBFB;
			remoteInfo = NotificationTest;
		};
		B6F14E6E2CC68E3B002DCBFB /* PBXContainerItemProxy */ = {
			isa = PBXContainerItemProxy;
			containerPortal = B6F14E4B2CC68E3A002DCBFB /* Project object */;
			proxyType = 1;
			remoteGlobalIDString = B6F14E522CC68E3A002DCBFB;
			remoteInfo = NotificationTest;
		};
/* End PBXContainerItemProxy section */

/* Begin PBXFileReference section */
		B6F14E532CC68E3A002DCBFB /* NotificationTest.app */ = {isa = PBXFileReference; explicitFileType = wrapper.application; includeInIndex = 0; path = NotificationTest.app; sourceTree = BUILT_PRODUCTS_DIR; };
		B6F14E632CC68E3B002DCBFB /* NotificationTestTests.xctest */ = {isa = PBXFileReference; explicitFileType = wrapper.cfbundle; includeInIndex = 0; path = NotificationTestTests.xctest; sourceTree = BUILT_PRODUCTS_DIR; };
		B6F14E6D2CC68E3B002DCBFB /* NotificationTestUITests.xctest */ = {isa = PBXFileReference; explicitFileType = wrapper.cfbundle; includeInIndex = 0; path = NotificationTestUITests.xctest; sourceTree = BUILT_PRODUCTS_DIR; };
/* End PBXFileReference section */

/* Begin PBXFileSystemSynchronizedBuildFileExceptionSet section */
		B6F14E912CC6A3EF002DCBFB /* Exceptions for "NotificationTest" folder in "NotificationTest" target */ = {
			isa = PBXFileSystemSynchronizedBuildFileExceptionSet;
			membershipExceptions = (
				Info.plist,
			);
			target = B6F14E522CC68E3A002DCBFB /* NotificationTest */;
		};
/* End PBXFileSystemSynchronizedBuildFileExceptionSet section */

/* Begin PBXFileSystemSynchronizedRootGroup section */
		B6F14E552CC68E3A002DCBFB /* NotificationTest */ = {
			isa = PBXFileSystemSynchronizedRootGroup;
			exceptions = (
				B6F14E912CC6A3EF002DCBFB /* Exceptions for "NotificationTest" folder in "NotificationTest" target */,
			);
			path = NotificationTest;
			sourceTree = "<group>";
		};
		B6F14E662CC68E3B002DCBFB /* NotificationTestTests */ = {
			isa = PBXFileSystemSynchronizedRootGroup;
			path = NotificationTestTests;
			sourceTree = "<group>";
		};
		B6F14E702CC68E3B002DCBFB /* NotificationTestUITests */ = {
			isa = PBXFileSystemSynchronizedRootGroup;
			path = NotificationTestUITests;
			sourceTree = "<group>";
		};
/* End PBXFileSystemSynchronizedRootGroup section */

/* Begin PBXFrameworksBuildPhase section */
		B6F14E502CC68E3A002DCBFB /* Frameworks */ = {
			isa = PBXFrameworksBuildPhase;
			buildActionMask = 2147483647;
			files = (
				B6F14E862CC69091002DCBFB /* FirebaseMessaging in Frameworks */,
				B6F14E882CC6920F002DCBFB /* FirebaseAnalytics in Frameworks */,
				B6F14E842CC69091002DCBFB /* FirebaseCrashlytics in Frameworks */,
				B6F14E8A2CC6920F002DCBFB /* FirebaseAnalyticsSwift in Frameworks */,
			);
			runOnlyForDeploymentPostprocessing = 0;
		};
		B6F14E602CC68E3B002DCBFB /* Frameworks */ = {
			isa = PBXFrameworksBuildPhase;
			buildActionMask = 2147483647;
			files = (
			);
			runOnlyForDeploymentPostprocessing = 0;
		};
		B6F14E6A2CC68E3B002DCBFB /* Frameworks */ = {
			isa = PBXFrameworksBuildPhase;
			buildActionMask = 2147483647;
			files = (
			);
			runOnlyForDeploymentPostprocessing = 0;
		};
/* End PBXFrameworksBuildPhase section */

/* Begin PBXGroup section */
		B6F14E4A2CC68E3A002DCBFB = {
			isa = PBXGroup;
			children = (
				B6F14E552CC68E3A002DCBFB /* NotificationTest */,
				B6F14E662CC68E3B002DCBFB /* NotificationTestTests */,
				B6F14E702CC68E3B002DCBFB /* NotificationTestUITests */,
				B6F14E542CC68E3A002DCBFB /* Products */,
			);
			sourceTree = "<group>";
		};
		B6F14E542CC68E3A002DCBFB /* Products */ = {
			isa = PBXGroup;
			children = (
				B6F14E532CC68E3A002DCBFB /* NotificationTest.app */,
				B6F14E632CC68E3B002DCBFB /* NotificationTestTests.xctest */,
				B6F14E6D2CC68E3B002DCBFB /* NotificationTestUITests.xctest */,
			);
			name = Products;
			sourceTree = "<group>";
		};
/* End PBXGroup section */

/* Begin PBXNativeTarget section */
		B6F14E522CC68E3A002DCBFB /* NotificationTest */ = {
			isa = PBXNativeTarget;
			buildConfigurationList = B6F14E772CC68E3B002DCBFB /* Build configuration list for PBXNativeTarget "NotificationTest" */;
			buildPhases = (
				B6F14E4F2CC68E3A002DCBFB /* Sources */,
				B6F14E502CC68E3A002DCBFB /* Frameworks */,
				B6F14E512CC68E3A002DCBFB /* Resources */,
			);
			buildRules = (
			);
			dependencies = (
			);
			fileSystemSynchronizedGroups = (
				B6F14E552CC68E3A002DCBFB /* NotificationTest */,
			);
			name = NotificationTest;
			packageProductDependencies = (
				B6F14E832CC69091002DCBFB /* FirebaseCrashlytics */,
				B6F14E852CC69091002DCBFB /* FirebaseMessaging */,
				B6F14E872CC6920F002DCBFB /* FirebaseAnalytics */,
				B6F14E892CC6920F002DCBFB /* FirebaseAnalyticsSwift */,
			);
			productName = NotificationTest;
			productReference = B6F14E532CC68E3A002DCBFB /* NotificationTest.app */;
			productType = "com.apple.product-type.application";
		};
		B6F14E622CC68E3B002DCBFB /* NotificationTestTests */ = {
			isa = PBXNativeTarget;
			buildConfigurationList = B6F14E7A2CC68E3B002DCBFB /* Build configuration list for PBXNativeTarget "NotificationTestTests" */;
			buildPhases = (
				B6F14E5F2CC68E3B002DCBFB /* Sources */,
				B6F14E602CC68E3B002DCBFB /* Frameworks */,
				B6F14E612CC68E3B002DCBFB /* Resources */,
			);
			buildRules = (
			);
			dependencies = (
				B6F14E652CC68E3B002DCBFB /* PBXTargetDependency */,
			);
			fileSystemSynchronizedGroups = (
				B6F14E662CC68E3B002DCBFB /* NotificationTestTests */,
			);
			name = NotificationTestTests;
			packageProductDependencies = (
			);
			productName = NotificationTestTests;
			productReference = B6F14E632CC68E3B002DCBFB /* NotificationTestTests.xctest */;
			productType = "com.apple.product-type.bundle.unit-test";
		};
		B6F14E6C2CC68E3B002DCBFB /* NotificationTestUITests */ = {
			isa = PBXNativeTarget;
			buildConfigurationList = B6F14E7D2CC68E3B002DCBFB /* Build configuration list for PBXNativeTarget "NotificationTestUITests" */;
			buildPhases = (
				B6F14E692CC68E3B002DCBFB /* Sources */,
				B6F14E6A2CC68E3B002DCBFB /* Frameworks */,
				B6F14E6B2CC68E3B002DCBFB /* Resources */,
			);
			buildRules = (
			);
			dependencies = (
				B6F14E6F2CC68E3B002DCBFB /* PBXTargetDependency */,
			);
			fileSystemSynchronizedGroups = (
				B6F14E702CC68E3B002DCBFB /* NotificationTestUITests */,
			);
			name = NotificationTestUITests;
			packageProductDependencies = (
			);
			productName = NotificationTestUITests;
			productReference = B6F14E6D2CC68E3B002DCBFB /* NotificationTestUITests.xctest */;
			productType = "com.apple.product-type.bundle.ui-testing";
		};
/* End PBXNativeTarget section */

/* Begin PBXProject section */
		B6F14E4B2CC68E3A002DCBFB /* Project object */ = {
			isa = PBXProject;
			attributes = {
				BuildIndependentTargetsInParallel = 1;
				LastSwiftUpdateCheck = 1600;
				LastUpgradeCheck = 1600;
				TargetAttributes = {
					B6F14E522CC68E3A002DCBFB = {
						CreatedOnToolsVersion = 16.0;
					};
					B6F14E622CC68E3B002DCBFB = {
						CreatedOnToolsVersion = 16.0;
						TestTargetID = B6F14E522CC68E3A002DCBFB;
					};
					B6F14E6C2CC68E3B002DCBFB = {
						CreatedOnToolsVersion = 16.0;
						TestTargetID = B6F14E522CC68E3A002DCBFB;
					};
				};
			};
			buildConfigurationList = B6F14E4E2CC68E3A002DCBFB /* Build configuration list for PBXProject "NotificationTest" */;
			developmentRegion = en;
			hasScannedForEncodings = 0;
			knownRegions = (
				en,
				Base,
			);
			mainGroup = B6F14E4A2CC68E3A002DCBFB;
			minimizedProjectReferenceProxies = 1;
			packageReferences = (
				B6F14E802CC69091002DCBFB /* XCRemoteSwiftPackageReference "firebase-ios-sdk" */,
			);
			preferredProjectObjectVersion = 77;
			productRefGroup = B6F14E542CC68E3A002DCBFB /* Products */;
			projectDirPath = "";
			projectRoot = "";
			targets = (
				B6F14E522CC68E3A002DCBFB /* NotificationTest */,
				B6F14E622CC68E3B002DCBFB /* NotificationTestTests */,
				B6F14E6C2CC68E3B002DCBFB /* NotificationTestUITests */,
			);
		};
/* End PBXProject section */

/* Begin PBXResourcesBuildPhase section */
		B6F14E512CC68E3A002DCBFB /* Resources */ = {
			isa = PBXResourcesBuildPhase;
			buildActionMask = 2147483647;
			files = (
			);
			runOnlyForDeploymentPostprocessing = 0;
		};
		B6F14E612CC68E3B002DCBFB /* Resources */ = {
			isa = PBXResourcesBuildPhase;
			buildActionMask = 2147483647;
			files = (
			);
			runOnlyForDeploymentPostprocessing = 0;
		};
		B6F14E6B2CC68E3B002DCBFB /* Resources */ = {
			isa = PBXResourcesBuildPhase;
			buildActionMask = 2147483647;
			files = (
			);
			runOnlyForDeploymentPostprocessing = 0;
		};
/* End PBXResourcesBuildPhase section */

/* Begin PBXSourcesBuildPhase section */
		B6F14E4F2CC68E3A002DCBFB /* Sources */ = {
			isa = PBXSourcesBuildPhase;
			buildActionMask = 2147483647;
			files = (
			);
			runOnlyForDeploymentPostprocessing = 0;
		};
		B6F14E5F2CC68E3B002DCBFB /* Sources */ = {
			isa = PBXSourcesBuildPhase;
			buildActionMask = 2147483647;
			files = (
			);
			runOnlyForDeploymentPostprocessing = 0;
		};
		B6F14E692CC68E3B002DCBFB /* Sources */ = {
			isa = PBXSourcesBuildPhase;
			buildActionMask = 2147483647;
			files = (
			);
			runOnlyForDeploymentPostprocessing = 0;
		};
/* End PBXSourcesBuildPhase section */

/* Begin PBXTargetDependency section */
		B6F14E652CC68E3B002DCBFB /* PBXTargetDependency */ = {
			isa = PBXTargetDependency;
			target = B6F14E522CC68E3A002DCBFB /* NotificationTest */;
			targetProxy = B6F14E642CC68E3B002DCBFB /* PBXContainerItemProxy */;
		};
		B6F14E6F2CC68E3B002DCBFB /* PBXTargetDependency */ = {
			isa = PBXTargetDependency;
			target = B6F14E522CC68E3A002DCBFB /* NotificationTest */;
			targetProxy = B6F14E6E2CC68E3B002DCBFB /* PBXContainerItemProxy */;
		};
/* End PBXTargetDependency section */

/* Begin XCBuildConfiguration section */
		B6F14E752CC68E3B002DCBFB /* Debug */ = {
			isa = XCBuildConfiguration;
			buildSettings = {
				ALWAYS_SEARCH_USER_PATHS = NO;
				ASSETCATALOG_COMPILER_GENERATE_SWIFT_ASSET_SYMBOL_EXTENSIONS = YES;
				CLANG_ANALYZER_NONNULL = YES;
				CLANG_ANALYZER_NUMBER_OBJECT_CONVERSION = YES_AGGRESSIVE;
				CLANG_CXX_LANGUAGE_STANDARD = "gnu++20";
				CLANG_ENABLE_MODULES = YES;
				CLANG_ENABLE_OBJC_ARC = YES;
				CLANG_ENABLE_OBJC_WEAK = YES;
				CLANG_WARN_BLOCK_CAPTURE_AUTORELEASING = YES;
				CLANG_WARN_BOOL_CONVERSION = YES;
				CLANG_WARN_COMMA = YES;
				CLANG_WARN_CONSTANT_CONVERSION = YES;
				CLANG_WARN_DEPRECATED_OBJC_IMPLEMENTATIONS = YES;
				CLANG_WARN_DIRECT_OBJC_ISA_USAGE = YES_ERROR;
				CLANG_WARN_DOCUMENTATION_COMMENTS = YES;
				CLANG_WARN_EMPTY_BODY = YES;
				CLANG_WARN_ENUM_CONVERSION = YES;
				CLANG_WARN_INFINITE_RECURSION = YES;
				CLANG_WARN_INT_CONVERSION = YES;
				CLANG_WARN_NON_LITERAL_NULL_CONVERSION = YES;
				CLANG_WARN_OBJC_IMPLICIT_RETAIN_SELF = YES;
				CLANG_WARN_OBJC_LITERAL_CONVERSION = YES;
				CLANG_WARN_OBJC_ROOT_CLASS = YES_ERROR;
				CLANG_WARN_QUOTED_INCLUDE_IN_FRAMEWORK_HEADER = YES;
				CLANG_WARN_RANGE_LOOP_ANALYSIS = YES;
				CLANG_WARN_STRICT_PROTOTYPES = YES;
				CLANG_WARN_SUSPICIOUS_MOVE = YES;
				CLANG_WARN_UNGUARDED_AVAILABILITY = YES_AGGRESSIVE;
				CLANG_WARN_UNREACHABLE_CODE = YES;
				CLANG_WARN__DUPLICATE_METHOD_MATCH = YES;
				COPY_PHASE_STRIP = NO;
				DEBUG_INFORMATION_FORMAT = dwarf;
				ENABLE_STRICT_OBJC_MSGSEND = YES;
				ENABLE_TESTABILITY = YES;
				ENABLE_USER_SCRIPT_SANDBOXING = YES;
				GCC_C_LANGUAGE_STANDARD = gnu17;
				GCC_DYNAMIC_NO_PIC = NO;
				GCC_NO_COMMON_BLOCKS = YES;
				GCC_OPTIMIZATION_LEVEL = 0;
				GCC_PREPROCESSOR_DEFINITIONS = (
					"DEBUG=1",
					"$(inherited)",
				);
				GCC_WARN_64_TO_32_BIT_CONVERSION = YES;
				GCC_WARN_ABOUT_RETURN_TYPE = YES_ERROR;
				GCC_WARN_UNDECLARED_SELECTOR = YES;
				GCC_WARN_UNINITIALIZED_AUTOS = YES_AGGRESSIVE;
				GCC_WARN_UNUSED_FUNCTION = YES;
				GCC_WARN_UNUSED_VARIABLE = YES;
				IPHONEOS_DEPLOYMENT_TARGET = 18.0;
				LOCALIZATION_PREFERS_STRING_CATALOGS = YES;
				MTL_ENABLE_DEBUG_INFO = INCLUDE_SOURCE;
				MTL_FAST_MATH = YES;
				ONLY_ACTIVE_ARCH = YES;
				SDKROOT = iphoneos;
				SWIFT_ACTIVE_COMPILATION_CONDITIONS = "DEBUG $(inherited)";
				SWIFT_OPTIMIZATION_LEVEL = "-Onone";
			};
			name = Debug;
		};
		B6F14E762CC68E3B002DCBFB /* Release */ = {
			isa = XCBuildConfiguration;
			buildSettings = {
				ALWAYS_SEARCH_USER_PATHS = NO;
				ASSETCATALOG_COMPILER_GENERATE_SWIFT_ASSET_SYMBOL_EXTENSIONS = YES;
				CLANG_ANALYZER_NONNULL = YES;
				CLANG_ANALYZER_NUMBER_OBJECT_CONVERSION = YES_AGGRESSIVE;
				CLANG_CXX_LANGUAGE_STANDARD = "gnu++20";
				CLANG_ENABLE_MODULES = YES;
				CLANG_ENABLE_OBJC_ARC = YES;
				CLANG_ENABLE_OBJC_WEAK = YES;
				CLANG_WARN_BLOCK_CAPTURE_AUTORELEASING = YES;
				CLANG_WARN_BOOL_CONVERSION = YES;
				CLANG_WARN_COMMA = YES;
				CLANG_WARN_CONSTANT_CONVERSION = YES;
				CLANG_WARN_DEPRECATED_OBJC_IMPLEMENTATIONS = YES;
				CLANG_WARN_DIRECT_OBJC_ISA_USAGE = YES_ERROR;
				CLANG_WARN_DOCUMENTATION_COMMENTS = YES;
				CLANG_WARN_EMPTY_BODY = YES;
				CLANG_WARN_ENUM_CONVERSION = YES;
				CLANG_WARN_INFINITE_RECURSION = YES;
				CLANG_WARN_INT_CONVERSION = YES;
				CLANG_WARN_NON_LITERAL_NULL_CONVERSION = YES;
				CLANG_WARN_OBJC_IMPLICIT_RETAIN_SELF = YES;
				CLANG_WARN_OBJC_LITERAL_CONVERSION = YES;
				CLANG_WARN_OBJC_ROOT_CLASS = YES_ERROR;
				CLANG_WARN_QUOTED_INCLUDE_IN_FRAMEWORK_HEADER = YES;
				CLANG_WARN_RANGE_LOOP_ANALYSIS = YES;
				CLANG_WARN_STRICT_PROTOTYPES = YES;
				CLANG_WARN_SUSPICIOUS_MOVE = YES;
				CLANG_WARN_UNGUARDED_AVAILABILITY = YES_AGGRESSIVE;
				CLANG_WARN_UNREACHABLE_CODE = YES;
				CLANG_WARN__DUPLICATE_METHOD_MATCH = YES;
				COPY_PHASE_STRIP = NO;
				DEBUG_INFORMATION_FORMAT = "dwarf-with-dsym";
				ENABLE_NS_ASSERTIONS = NO;
				ENABLE_STRICT_OBJC_MSGSEND = YES;
				ENABLE_USER_SCRIPT_SANDBOXING = YES;
				GCC_C_LANGUAGE_STANDARD = gnu17;
				GCC_NO_COMMON_BLOCKS = YES;
				GCC_WARN_64_TO_32_BIT_CONVERSION = YES;
				GCC_WARN_ABOUT_RETURN_TYPE = YES_ERROR;
				GCC_WARN_UNDECLARED_SELECTOR = YES;
				GCC_WARN_UNINITIALIZED_AUTOS = YES_AGGRESSIVE;
				GCC_WARN_UNUSED_FUNCTION = YES;
				GCC_WARN_UNUSED_VARIABLE = YES;
				IPHONEOS_DEPLOYMENT_TARGET = 18.0;
				LOCALIZATION_PREFERS_STRING_CATALOGS = YES;
				MTL_ENABLE_DEBUG_INFO = NO;
				MTL_FAST_MATH = YES;
				SDKROOT = iphoneos;
				SWIFT_COMPILATION_MODE = wholemodule;
				VALIDATE_PRODUCT = YES;
			};
			name = Release;
		};
		B6F14E782CC68E3B002DCBFB /* Debug */ = {
			isa = XCBuildConfiguration;
			buildSettings = {
				ASSETCATALOG_COMPILER_APPICON_NAME = AppIcon;
				ASSETCATALOG_COMPILER_GLOBAL_ACCENT_COLOR_NAME = AccentColor;
				CODE_SIGN_ENTITLEMENTS = NotificationTest/NotificationTest.entitlements;
				CODE_SIGN_STYLE = Automatic;
				CURRENT_PROJECT_VERSION = 1;
				DEVELOPMENT_ASSET_PATHS = "\"NotificationTest/Preview Content\"";
				DEVELOPMENT_TEAM = 73XTRV58A2;
				ENABLE_PREVIEWS = YES;
				GENERATE_INFOPLIST_FILE = YES;
				INFOPLIST_FILE = NotificationTest/Info.plist;
				INFOPLIST_KEY_CFBundleDisplayName = Reclamefolder;
				INFOPLIST_KEY_UIApplicationSceneManifest_Generation = YES;
				INFOPLIST_KEY_UIApplicationSupportsIndirectInputEvents = YES;
				INFOPLIST_KEY_UILaunchScreen_Generation = YES;
				INFOPLIST_KEY_UISupportedInterfaceOrientations_iPad = "UIInterfaceOrientationPortrait UIInterfaceOrientationPortraitUpsideDown UIInterfaceOrientationLandscapeLeft UIInterfaceOrientationLandscapeRight";
				INFOPLIST_KEY_UISupportedInterfaceOrientations_iPhone = "UIInterfaceOrientationPortrait UIInterfaceOrientationLandscapeLeft UIInterfaceOrientationLandscapeRight";
				IPHONEOS_DEPLOYMENT_TARGET = 16.6;
				LD_RUNPATH_SEARCH_PATHS = (
					"$(inherited)",
					"@executable_path/Frameworks",
				);
				MARKETING_VERSION = 1.0;
				PRODUCT_BUNDLE_IDENTIFIER = nl.aquilasoft.reclamefolder;
				PRODUCT_NAME = "$(TARGET_NAME)";
				SUPPORTED_PLATFORMS = "iphoneos iphonesimulator";
				SUPPORTS_MACCATALYST = NO;
				SUPPORTS_MAC_DESIGNED_FOR_IPHONE_IPAD = NO;
				SUPPORTS_XR_DESIGNED_FOR_IPHONE_IPAD = NO;
				SWIFT_EMIT_LOC_STRINGS = YES;
				SWIFT_VERSION = 5.0;
				TARGETED_DEVICE_FAMILY = "1,2";
			};
			name = Debug;
		};
		B6F14E792CC68E3B002DCBFB /* Release */ = {
			isa = XCBuildConfiguration;
			buildSettings = {
				ASSETCATALOG_COMPILER_APPICON_NAME = AppIcon;
				ASSETCATALOG_COMPILER_GLOBAL_ACCENT_COLOR_NAME = AccentColor;
				CODE_SIGN_ENTITLEMENTS = NotificationTest/NotificationTest.entitlements;
				CODE_SIGN_STYLE = Automatic;
				CURRENT_PROJECT_VERSION = 1;
				DEVELOPMENT_ASSET_PATHS = "\"NotificationTest/Preview Content\"";
				DEVELOPMENT_TEAM = 73XTRV58A2;
				ENABLE_PREVIEWS = YES;
				GENERATE_INFOPLIST_FILE = YES;
				INFOPLIST_FILE = NotificationTest/Info.plist;
				INFOPLIST_KEY_CFBundleDisplayName = Reclamefolder;
				INFOPLIST_KEY_UIApplicationSceneManifest_Generation = YES;
				INFOPLIST_KEY_UIApplicationSupportsIndirectInputEvents = YES;
				INFOPLIST_KEY_UILaunchScreen_Generation = YES;
				INFOPLIST_KEY_UISupportedInterfaceOrientations_iPad = "UIInterfaceOrientationPortrait UIInterfaceOrientationPortraitUpsideDown UIInterfaceOrientationLandscapeLeft UIInterfaceOrientationLandscapeRight";
				INFOPLIST_KEY_UISupportedInterfaceOrientations_iPhone = "UIInterfaceOrientationPortrait UIInterfaceOrientationLandscapeLeft UIInterfaceOrientationLandscapeRight";
				IPHONEOS_DEPLOYMENT_TARGET = 16.6;
				LD_RUNPATH_SEARCH_PATHS = (
					"$(inherited)",
					"@executable_path/Frameworks",
				);
				MARKETING_VERSION = 1.0;
				PRODUCT_BUNDLE_IDENTIFIER = nl.aquilasoft.reclamefolder;
				PRODUCT_NAME = "$(TARGET_NAME)";
				SUPPORTED_PLATFORMS = "iphoneos iphonesimulator";
				SUPPORTS_MACCATALYST = NO;
				SUPPORTS_MAC_DESIGNED_FOR_IPHONE_IPAD = NO;
				SUPPORTS_XR_DESIGNED_FOR_IPHONE_IPAD = NO;
				SWIFT_EMIT_LOC_STRINGS = YES;
				SWIFT_VERSION = 5.0;
				TARGETED_DEVICE_FAMILY = "1,2";
			};
			name = Release;
		};
		B6F14E7B2CC68E3B002DCBFB /* Debug */ = {
			isa = XCBuildConfiguration;
			buildSettings = {
				BUNDLE_LOADER = "$(TEST_HOST)";
				CODE_SIGN_STYLE = Automatic;
				CURRENT_PROJECT_VERSION = 1;
				DEVELOPMENT_TEAM = 73XTRV58A2;
				GENERATE_INFOPLIST_FILE = YES;
				IPHONEOS_DEPLOYMENT_TARGET = 18.0;
				MARKETING_VERSION = 1.0;
				PRODUCT_BUNDLE_IDENTIFIER = "com.secondmove.-animatedimages.NotificationTestTests";
				PRODUCT_NAME = "$(TARGET_NAME)";
				SWIFT_EMIT_LOC_STRINGS = NO;
				SWIFT_VERSION = 5.0;
				TARGETED_DEVICE_FAMILY = "1,2";
				TEST_HOST = "$(BUILT_PRODUCTS_DIR)/NotificationTest.app/$(BUNDLE_EXECUTABLE_FOLDER_PATH)/NotificationTest";
			};
			name = Debug;
		};
		B6F14E7C2CC68E3B002DCBFB /* Release */ = {
			isa = XCBuildConfiguration;
			buildSettings = {
				BUNDLE_LOADER = "$(TEST_HOST)";
				CODE_SIGN_STYLE = Automatic;
				CURRENT_PROJECT_VERSION = 1;
				DEVELOPMENT_TEAM = 73XTRV58A2;
				GENERATE_INFOPLIST_FILE = YES;
				IPHONEOS_DEPLOYMENT_TARGET = 18.0;
				MARKETING_VERSION = 1.0;
				PRODUCT_BUNDLE_IDENTIFIER = "com.secondmove.-animatedimages.NotificationTestTests";
				PRODUCT_NAME = "$(TARGET_NAME)";
				SWIFT_EMIT_LOC_STRINGS = NO;
				SWIFT_VERSION = 5.0;
				TARGETED_DEVICE_FAMILY = "1,2";
				TEST_HOST = "$(BUILT_PRODUCTS_DIR)/NotificationTest.app/$(BUNDLE_EXECUTABLE_FOLDER_PATH)/NotificationTest";
			};
			name = Release;
		};
		B6F14E7E2CC68E3B002DCBFB /* Debug */ = {
			isa = XCBuildConfiguration;
			buildSettings = {
				CODE_SIGN_STYLE = Automatic;
				CURRENT_PROJECT_VERSION = 1;
				DEVELOPMENT_TEAM = 73XTRV58A2;
				GENERATE_INFOPLIST_FILE = YES;
				MARKETING_VERSION = 1.0;
				PRODUCT_BUNDLE_IDENTIFIER = "com.secondmove.-animatedimages.NotificationTestUITests";
				PRODUCT_NAME = "$(TARGET_NAME)";
				SWIFT_EMIT_LOC_STRINGS = NO;
				SWIFT_VERSION = 5.0;
				TARGETED_DEVICE_FAMILY = "1,2";
				TEST_TARGET_NAME = NotificationTest;
			};
			name = Debug;
		};
		B6F14E7F2CC68E3B002DCBFB /* Release */ = {
			isa = XCBuildConfiguration;
			buildSettings = {
				CODE_SIGN_STYLE = Automatic;
				CURRENT_PROJECT_VERSION = 1;
				DEVELOPMENT_TEAM = 73XTRV58A2;
				GENERATE_INFOPLIST_FILE = YES;
				MARKETING_VERSION = 1.0;
				PRODUCT_BUNDLE_IDENTIFIER = "com.secondmove.-animatedimages.NotificationTestUITests";
				PRODUCT_NAME = "$(TARGET_NAME)";
				SWIFT_EMIT_LOC_STRINGS = NO;
				SWIFT_VERSION = 5.0;
				TARGETED_DEVICE_FAMILY = "1,2";
				TEST_TARGET_NAME = NotificationTest;
			};
			name = Release;
		};
/* End XCBuildConfiguration section */

/* Begin XCConfigurationList section */
		B6F14E4E2CC68E3A002DCBFB /* Build configuration list for PBXProject "NotificationTest" */ = {
			isa = XCConfigurationList;
			buildConfigurations = (
				B6F14E752CC68E3B002DCBFB /* Debug */,
				B6F14E762CC68E3B002DCBFB /* Release */,
			);
			defaultConfigurationIsVisible = 0;
			defaultConfigurationName = Release;
		};
		B6F14E772CC68E3B002DCBFB /* Build configuration list for PBXNativeTarget "NotificationTest" */ = {
			isa = XCConfigurationList;
			buildConfigurations = (
				B6F14E782CC68E3B002DCBFB /* Debug */,
				B6F14E792CC68E3B002DCBFB /* Release */,
			);
			defaultConfigurationIsVisible = 0;
			defaultConfigurationName = Release;
		};
		B6F14E7A2CC68E3B002DCBFB /* Build configuration list for PBXNativeTarget "NotificationTestTests" */ = {
			isa = XCConfigurationList;
			buildConfigurations = (
				B6F14E7B2CC68E3B002DCBFB /* Debug */,
				B6F14E7C2CC68E3B002DCBFB /* Release */,
			);
			defaultConfigurationIsVisible = 0;
			defaultConfigurationName = Release;
		};
		B6F14E7D2CC68E3B002DCBFB /* Build configuration list for PBXNativeTarget "NotificationTestUITests" */ = {
			isa = XCConfigurationList;
			buildConfigurations = (
				B6F14E7E2CC68E3B002DCBFB /* Debug */,
				B6F14E7F2CC68E3B002DCBFB /* Release */,
			);
			defaultConfigurationIsVisible = 0;
			defaultConfigurationName = Release;
		};
/* End XCConfigurationList section */

/* Begin XCRemoteSwiftPackageReference section */
		B6F14E802CC69091002DCBFB /* XCRemoteSwiftPackageReference "firebase-ios-sdk" */ = {
			isa = XCRemoteSwiftPackageReference;
			repositoryURL = "https://github.com/firebase/firebase-ios-sdk.git";
			requirement = {
				kind = upToNextMajorVersion;
				minimumVersion = 10.26.0;
			};
		};
/* End XCRemoteSwiftPackageReference section */

/* Begin XCSwiftPackageProductDependency section */
		B6F14E832CC69091002DCBFB /* FirebaseCrashlytics */ = {
			isa = XCSwiftPackageProductDependency;
			package = B6F14E802CC69091002DCBFB /* XCRemoteSwiftPackageReference "firebase-ios-sdk" */;
			productName = FirebaseCrashlytics;
		};
		B6F14E852CC69091002DCBFB /* FirebaseMessaging */ = {
			isa = XCSwiftPackageProductDependency;
			package = B6F14E802CC69091002DCBFB /* XCRemoteSwiftPackageReference "firebase-ios-sdk" */;
			productName = FirebaseMessaging;
		};
		B6F14E872CC6920F002DCBFB /* FirebaseAnalytics */ = {
			isa = XCSwiftPackageProductDependency;
			package = B6F14E802CC69091002DCBFB /* XCRemoteSwiftPackageReference "firebase-ios-sdk" */;
			productName = FirebaseAnalytics;
		};
		B6F14E892CC6920F002DCBFB /* FirebaseAnalyticsSwift */ = {
			isa = XCSwiftPackageProductDependency;
			package = B6F14E802CC69091002DCBFB /* XCRemoteSwiftPackageReference "firebase-ios-sdk" */;
			productName = FirebaseAnalyticsSwift;
		};
/* End XCSwiftPackageProductDependency section */
	};
	rootObject = B6F14E4B2CC68E3A002DCBFB /* Project object */;
}
